
Microsoft Visual Studio Solution File, Format Version 12.00
# Visual Studio 2013
VisualStudioVersion = 12.0.31010.0
MinimumVisualStudioVersion = 10.0.40219.1
Project("{2150E333-8FDC-42A3-9474-1A3956D46DE8}") = ".nuget", ".nuget", "{05B9533D-FE3B-4D74-AE2D-C8A90173C859}"
	ProjectSection(SolutionItems) = preProject
		.nuget\NuGet.Config = .nuget\NuGet.Config
		.nuget\NuGet.exe = .nuget\NuGet.exe
	EndProjectSection
EndProject
Project("{2150E333-8FDC-42A3-9474-1A3956D46DE8}") = "src", "src", "{96ED293B-84CF-43FB-8532-741D840B16AD}"
EndProject
Project("{FAE04EC0-301F-11D3-BF4B-00C04F79EFBC}") = "Node.Cs", "src\Node.Cs\Node.Cs.csproj", "{FEA3774B-6F7A-459B-AB21-95E4B2D5DB6D}"
EndProject
Project("{2150E333-8FDC-42A3-9474-1A3956D46DE8}") = "test", "test", "{EEB9AFE7-2065-4418-A9C5-110133E29E27}"
EndProject
Project("{FAE04EC0-301F-11D3-BF4B-00C04F79EFBC}") = "Node.Cs.Lib", "src\Node.Cs.Lib\Node.Cs.Lib.csproj", "{1E1C8C29-0B0F-4598-AC91-F2E43E8B33EB}"
EndProject
Project("{FAE04EC0-301F-11D3-BF4B-00C04F79EFBC}") = "Node.Cs.Lib.Test", "test\Node.Cs.Lib.Test\Node.Cs.Lib.Test.csproj", "{C88B880A-A408-4137-90EE-B6883BD03957}"
EndProject
Project("{FAE04EC0-301F-11D3-BF4B-00C04F79EFBC}") = "Node.Cs.Shared", "src\Node.Cs.Shared\Node.Cs.Shared.csproj", "{0E122DAF-29EE-4D25-9EE8-D4A3D06E23A2}"
EndProject
Project("{FAE04EC0-301F-11D3-BF4B-00C04F79EFBC}") = "Node.Cs.TestUtils", "src\Node.Cs.TestUtils\Node.Cs.TestUtils.csproj", "{53F344B1-C1F5-4E0D-8C1A-9CF6150E8BFD}"
EndProject
Project("{FAE04EC0-301F-11D3-BF4B-00C04F79EFBC}") = "Node.Cs.Help", "docs\Node.Cs.Help\Node.Cs.Help.csproj", "{20546D7C-2EE7-46F9-A3F3-269FB26DC795}"
EndProject
Project("{2150E333-8FDC-42A3-9474-1A3956D46DE8}") = "docs", "docs", "{FBDB9F7A-6443-4C16-96FB-FC9DA44FA6D9}"
EndProject
Project("{2150E333-8FDC-42A3-9474-1A3956D46DE8}") = "mockProjects", "mockProjects", "{6E830AB1-F147-4D30-B50E-698828482CF9}"
EndProject
Project("{FAE04EC0-301F-11D3-BF4B-00C04F79EFBC}") = "BasicDllFor.Test", "test\mockProjects\BasicDllFor.Test\BasicDllFor.Test.csproj", "{0924001C-7FAF-4128-97AC-A3A3C02413F5}"
EndProject
Project("{FAE04EC0-301F-11D3-BF4B-00C04F79EFBC}") = "BasicNugetPackageFor.Test", "test\mockProjects\BasicNugetPackageFor.Test\BasicNugetPackageFor.Test.csproj", "{9C143118-5FF0-47E1-B158-573202E15648}"
EndProject
Project("{FAE04EC0-301F-11D3-BF4B-00C04F79EFBC}") = "DllWithModule.Test", "test\mockProjects\DllWithModule.Test\DllWithModule.Test.csproj", "{CB245070-79B5-4AAA-B439-5F02497322BC}"
EndProject
Project("{FAE04EC0-301F-11D3-BF4B-00C04F79EFBC}") = "NoFrameworkPackageFor.Test", "test\mockProjects\NoFrameworkPackageFor.Test\NoFrameworkPackageFor.Test.csproj", "{8E643764-3E9B-4012-BC25-3FCEC4351233}"
EndProject
Project("{FAE04EC0-301F-11D3-BF4B-00C04F79EFBC}") = "NugetCircularReference.Test", "test\mockProjects\NugetCircularReference.Test\NugetCircularReference.Test.csproj", "{A0873F58-4949-459C-B58A-24B0871B694D}"
EndProject
Project("{FAE04EC0-301F-11D3-BF4B-00C04F79EFBC}") = "NugetPackageWithDependencies.Test", "test\mockProjects\NugetPackageWithDependencies.Test\NugetPackageWithDependencies.Test.csproj", "{76841D3F-53E1-4656-9605-DEE90CB16B25}"
EndProject
Project("{FAE04EC0-301F-11D3-BF4B-00C04F79EFBC}") = "NugetWithoutSuitableFramework.Test", "test\mockProjects\NugetWithoutSuitableFramework.Test\NugetWithoutSuitableFramework.Test.csproj", "{D5C50874-F4F8-4A50-830D-6B5E527C8FE9}"
EndProject
Project("{FAE04EC0-301F-11D3-BF4B-00C04F79EFBC}") = "SimpleNameDll", "test\mockProjects\SimpleNameDll\SimpleNameDll.csproj", "{D01D226E-E89F-4945-9A2E-1A745A45A5B2}"
EndProject
Global
	GlobalSection(SolutionConfigurationPlatforms) = preSolution
		Debug|Any CPU = Debug|Any CPU
		Release|Any CPU = Release|Any CPU
	EndGlobalSection
	GlobalSection(ProjectConfigurationPlatforms) = postSolution
		{FEA3774B-6F7A-459B-AB21-95E4B2D5DB6D}.Debug|Any CPU.ActiveCfg = Debug|Any CPU
		{FEA3774B-6F7A-459B-AB21-95E4B2D5DB6D}.Debug|Any CPU.Build.0 = Debug|Any CPU
		{FEA3774B-6F7A-459B-AB21-95E4B2D5DB6D}.Release|Any CPU.ActiveCfg = Release|Any CPU
		{FEA3774B-6F7A-459B-AB21-95E4B2D5DB6D}.Release|Any CPU.Build.0 = Release|Any CPU
		{1E1C8C29-0B0F-4598-AC91-F2E43E8B33EB}.Debug|Any CPU.ActiveCfg = Debug|Any CPU
		{1E1C8C29-0B0F-4598-AC91-F2E43E8B33EB}.Debug|Any CPU.Build.0 = Debug|Any CPU
		{1E1C8C29-0B0F-4598-AC91-F2E43E8B33EB}.Release|Any CPU.ActiveCfg = Release|Any CPU
		{1E1C8C29-0B0F-4598-AC91-F2E43E8B33EB}.Release|Any CPU.Build.0 = Release|Any CPU
		{C88B880A-A408-4137-90EE-B6883BD03957}.Debug|Any CPU.ActiveCfg = Debug|Any CPU
		{C88B880A-A408-4137-90EE-B6883BD03957}.Debug|Any CPU.Build.0 = Debug|Any CPU
		{C88B880A-A408-4137-90EE-B6883BD03957}.Release|Any CPU.ActiveCfg = Release|Any CPU
		{C88B880A-A408-4137-90EE-B6883BD03957}.Release|Any CPU.Build.0 = Release|Any CPU
		{0E122DAF-29EE-4D25-9EE8-D4A3D06E23A2}.Debug|Any CPU.ActiveCfg = Debug|Any CPU
		{0E122DAF-29EE-4D25-9EE8-D4A3D06E23A2}.Debug|Any CPU.Build.0 = Debug|Any CPU
		{0E122DAF-29EE-4D25-9EE8-D4A3D06E23A2}.Release|Any CPU.ActiveCfg = Release|Any CPU
		{0E122DAF-29EE-4D25-9EE8-D4A3D06E23A2}.Release|Any CPU.Build.0 = Release|Any CPU
		{53F344B1-C1F5-4E0D-8C1A-9CF6150E8BFD}.Debug|Any CPU.ActiveCfg = Debug|Any CPU
		{53F344B1-C1F5-4E0D-8C1A-9CF6150E8BFD}.Debug|Any CPU.Build.0 = Debug|Any CPU
		{53F344B1-C1F5-4E0D-8C1A-9CF6150E8BFD}.Release|Any CPU.ActiveCfg = Release|Any CPU
		{53F344B1-C1F5-4E0D-8C1A-9CF6150E8BFD}.Release|Any CPU.Build.0 = Release|Any CPU
		{20546D7C-2EE7-46F9-A3F3-269FB26DC795}.Debug|Any CPU.ActiveCfg = Debug|Any CPU
		{20546D7C-2EE7-46F9-A3F3-269FB26DC795}.Debug|Any CPU.Build.0 = Debug|Any CPU
		{20546D7C-2EE7-46F9-A3F3-269FB26DC795}.Release|Any CPU.ActiveCfg = Release|Any CPU
		{20546D7C-2EE7-46F9-A3F3-269FB26DC795}.Release|Any CPU.Build.0 = Release|Any CPU
		{0924001C-7FAF-4128-97AC-A3A3C02413F5}.Debug|Any CPU.ActiveCfg = Debug|Any CPU
		{0924001C-7FAF-4128-97AC-A3A3C02413F5}.Debug|Any CPU.Build.0 = Debug|Any CPU
		{0924001C-7FAF-4128-97AC-A3A3C02413F5}.Release|Any CPU.ActiveCfg = Release|Any CPU
		{0924001C-7FAF-4128-97AC-A3A3C02413F5}.Release|Any CPU.Build.0 = Release|Any CPU
		{9C143118-5FF0-47E1-B158-573202E15648}.Debug|Any CPU.ActiveCfg = Debug|Any CPU
		{9C143118-5FF0-47E1-B158-573202E15648}.Debug|Any CPU.Build.0 = Debug|Any CPU
		{9C143118-5FF0-47E1-B158-573202E15648}.Release|Any CPU.ActiveCfg = Release|Any CPU
		{9C143118-5FF0-47E1-B158-573202E15648}.Release|Any CPU.Build.0 = Release|Any CPU
		{CB245070-79B5-4AAA-B439-5F02497322BC}.Debug|Any CPU.ActiveCfg = Debug|Any CPU
		{CB245070-79B5-4AAA-B439-5F02497322BC}.Debug|Any CPU.Build.0 = Debug|Any CPU
		{CB245070-79B5-4AAA-B439-5F02497322BC}.Release|Any CPU.ActiveCfg = Release|Any CPU
		{CB245070-79B5-4AAA-B439-5F02497322BC}.Release|Any CPU.Build.0 = Release|Any CPU
		{8E643764-3E9B-4012-BC25-3FCEC4351233}.Debug|Any CPU.ActiveCfg = Debug|Any CPU
		{8E643764-3E9B-4012-BC25-3FCEC4351233}.Debug|Any CPU.Build.0 = Debug|Any CPU
		{8E643764-3E9B-4012-BC25-3FCEC4351233}.Release|Any CPU.ActiveCfg = Release|Any CPU
		{8E643764-3E9B-4012-BC25-3FCEC4351233}.Release|Any CPU.Build.0 = Release|Any CPU
		{A0873F58-4949-459C-B58A-24B0871B694D}.Debug|Any CPU.ActiveCfg = Debug|Any CPU
		{A0873F58-4949-459C-B58A-24B0871B694D}.Debug|Any CPU.Build.0 = Debug|Any CPU
		{A0873F58-4949-459C-B58A-24B0871B694D}.Release|Any CPU.ActiveCfg = Release|Any CPU
		{A0873F58-4949-459C-B58A-24B0871B694D}.Release|Any CPU.Build.0 = Release|Any CPU
		{76841D3F-53E1-4656-9605-DEE90CB16B25}.Debug|Any CPU.ActiveCfg = Debug|Any CPU
		{76841D3F-53E1-4656-9605-DEE90CB16B25}.Debug|Any CPU.Build.0 = Debug|Any CPU
		{76841D3F-53E1-4656-9605-DEE90CB16B25}.Release|Any CPU.ActiveCfg = Release|Any CPU
		{76841D3F-53E1-4656-9605-DEE90CB16B25}.Release|Any CPU.Build.0 = Release|Any CPU
		{D5C50874-F4F8-4A50-830D-6B5E527C8FE9}.Debug|Any CPU.ActiveCfg = Debug|Any CPU
		{D5C50874-F4F8-4A50-830D-6B5E527C8FE9}.Debug|Any CPU.Build.0 = Debug|Any CPU
		{D5C50874-F4F8-4A50-830D-6B5E527C8FE9}.Release|Any CPU.ActiveCfg = Release|Any CPU
		{D5C50874-F4F8-4A50-830D-6B5E527C8FE9}.Release|Any CPU.Build.0 = Release|Any CPU
		{D01D226E-E89F-4945-9A2E-1A745A45A5B2}.Debug|Any CPU.ActiveCfg = Debug|Any CPU
		{D01D226E-E89F-4945-9A2E-1A745A45A5B2}.Debug|Any CPU.Build.0 = Debug|Any CPU
		{D01D226E-E89F-4945-9A2E-1A745A45A5B2}.Release|Any CPU.ActiveCfg = Release|Any CPU
		{D01D226E-E89F-4945-9A2E-1A745A45A5B2}.Release|Any CPU.Build.0 = Release|Any CPU
	EndGlobalSection
	GlobalSection(SolutionProperties) = preSolution
		HideSolutionNode = FALSE
	EndGlobalSection
	GlobalSection(NestedProjects) = preSolution
		{FEA3774B-6F7A-459B-AB21-95E4B2D5DB6D} = {96ED293B-84CF-43FB-8532-741D840B16AD}
		{1E1C8C29-0B0F-4598-AC91-F2E43E8B33EB} = {96ED293B-84CF-43FB-8532-741D840B16AD}
		{C88B880A-A408-4137-90EE-B6883BD03957} = {EEB9AFE7-2065-4418-A9C5-110133E29E27}
		{0E122DAF-29EE-4D25-9EE8-D4A3D06E23A2} = {96ED293B-84CF-43FB-8532-741D840B16AD}
		{53F344B1-C1F5-4E0D-8C1A-9CF6150E8BFD} = {96ED293B-84CF-43FB-8532-741D840B16AD}
		{20546D7C-2EE7-46F9-A3F3-269FB26DC795} = {FBDB9F7A-6443-4C16-96FB-FC9DA44FA6D9}
		{6E830AB1-F147-4D30-B50E-698828482CF9} = {EEB9AFE7-2065-4418-A9C5-110133E29E27}
		{0924001C-7FAF-4128-97AC-A3A3C02413F5} = {6E830AB1-F147-4D30-B50E-698828482CF9}
		{9C143118-5FF0-47E1-B158-573202E15648} = {6E830AB1-F147-4D30-B50E-698828482CF9}
		{CB245070-79B5-4AAA-B439-5F02497322BC} = {6E830AB1-F147-4D30-B50E-698828482CF9}
		{8E643764-3E9B-4012-BC25-3FCEC4351233} = {6E830AB1-F147-4D30-B50E-698828482CF9}
		{A0873F58-4949-459C-B58A-24B0871B694D} = {6E830AB1-F147-4D30-B50E-698828482CF9}
		{76841D3F-53E1-4656-9605-DEE90CB16B25} = {6E830AB1-F147-4D30-B50E-698828482CF9}
		{D5C50874-F4F8-4A50-830D-6B5E527C8FE9} = {6E830AB1-F147-4D30-B50E-698828482CF9}
		{D01D226E-E89F-4945-9A2E-1A745A45A5B2} = {6E830AB1-F147-4D30-B50E-698828482CF9}
	EndGlobalSection
EndGlobal
